
Microsoft Visual Studio Solution File, Format Version 12.00
# Visual Studio Version 17
VisualStudioVersion = 17.6.33829.357
MinimumVisualStudioVersion = 10.0.40219.1
Project("{FAE04EC0-301F-11D3-BF4B-00C04F79EFBC}") = "FrmBasicThread1", "FrmBasicThread1.csproj", "{37E55004-00E5-42C7-816E-3203659BFF25}"
EndProject
Global
	GlobalSection(SolutionConfigurationPlatforms) = preSolution
		Debug|Any CPU = Debug|Any CPU
		Release|Any CPU = Release|Any CPU
	EndGlobalSection
	GlobalSection(ProjectConfigurationPlatforms) = postSolution
		{37E55004-00E5-42C7-816E-3203659BFF25}.Debug|Any CPU.ActiveCfg = Debug|Any CPU
		{37E55004-00E5-42C7-816E-3203659BFF25}.Debug|Any CPU.Build.0 = Debug|Any CPU
		{37E55004-00E5-42C7-816E-3203659BFF25}.Release|Any CPU.ActiveCfg = Release|Any CPU
		{37E55004-00E5-42C7-816E-3203659BFF25}.Release|Any CPU.Build.0 = Release|Any CPU
	EndGlobalSection
	GlobalSection(SolutionProperties) = preSolution
		HideSolutionNode = FALSE
	EndGlobalSection
	GlobalSection(ExtensibilityGlobals) = postSolution
		SolutionGuid = {ACE96BDA-5743-417F-8A67-01E0B76D8D4B}
	EndGlobalSection
EndGlobal
